
Microsoft Visual Studio Solution File, Format Version 12.00
# Visual Studio Version 16
VisualStudioVersion = 16.0.33529.622
MinimumVisualStudioVersion = 10.0.40219.1
Project("{FAE04EC0-301F-11D3-BF4B-00C04F79EFBC}") = "OSI", "OSI.csproj", "{26DC454E-B704-4C04-89A2-C637D281701C}"
EndProject
Global
	GlobalSection(SolutionConfigurationPlatforms) = preSolution
		Debug|Any CPU = Debug|Any CPU
		Release|Any CPU = Release|Any CPU
	EndGlobalSection
	GlobalSection(ProjectConfigurationPlatforms) = postSolution
		{26DC454E-B704-4C04-89A2-C637D281701C}.Debug|Any CPU.ActiveCfg = Debug|Any CPU
		{26DC454E-B704-4C04-89A2-C637D281701C}.Debug|Any CPU.Build.0 = Debug|Any CPU
		{26DC454E-B704-4C04-89A2-C637D281701C}.Release|Any CPU.ActiveCfg = Release|Any CPU
		{26DC454E-B704-4C04-89A2-C637D281701C}.Release|Any CPU.Build.0 = Release|Any CPU
	EndGlobalSection
	GlobalSection(SolutionProperties) = preSolution
		HideSolutionNode = FALSE
	EndGlobalSection
	GlobalSection(ExtensibilityGlobals) = postSolution
		SolutionGuid = {EA17662F-E9E1-4BE5-94CB-217A30395F6D}
	EndGlobalSection
EndGlobal
